
Microsoft Visual Studio Solution File, Format Version 12.00
# Visual Studio Version 17
VisualStudioVersion = 17.11.35327.3
MinimumVisualStudioVersion = 10.0.40219.1
Project("{FAE04EC0-301F-11D3-BF4B-00C04F79EFBC}") = "vidya", "vidya.csproj", "{BA31933C-BADF-4D7D-A560-7E867B9401F4}"
EndProject
Project("{FAE04EC0-301F-11D3-BF4B-00C04F79EFBC}") = "vidya.Data.Models", "..\vidya.Data.Models\vidya.Data.Models.csproj", "{302A032F-92C3-4B6C-B39A-3A6355439C83}"
EndProject
Global
	GlobalSection(SolutionConfigurationPlatforms) = preSolution
		Debug|Any CPU = Debug|Any CPU
		Release|Any CPU = Release|Any CPU
	EndGlobalSection
	GlobalSection(ProjectConfigurationPlatforms) = postSolution
		{BA31933C-BADF-4D7D-A560-7E867B9401F4}.Debug|Any CPU.ActiveCfg = Debug|Any CPU
		{BA31933C-BADF-4D7D-A560-7E867B9401F4}.Debug|Any CPU.Build.0 = Debug|Any CPU
		{BA31933C-BADF-4D7D-A560-7E867B9401F4}.Release|Any CPU.ActiveCfg = Release|Any CPU
		{BA31933C-BADF-4D7D-A560-7E867B9401F4}.Release|Any CPU.Build.0 = Release|Any CPU
		{302A032F-92C3-4B6C-B39A-3A6355439C83}.Debug|Any CPU.ActiveCfg = Debug|Any CPU
		{302A032F-92C3-4B6C-B39A-3A6355439C83}.Debug|Any CPU.Build.0 = Debug|Any CPU
		{302A032F-92C3-4B6C-B39A-3A6355439C83}.Release|Any CPU.ActiveCfg = Release|Any CPU
		{302A032F-92C3-4B6C-B39A-3A6355439C83}.Release|Any CPU.Build.0 = Release|Any CPU
	EndGlobalSection
	GlobalSection(SolutionProperties) = preSolution
		HideSolutionNode = FALSE
	EndGlobalSection
	GlobalSection(ExtensibilityGlobals) = postSolution
		SolutionGuid = {841F9A71-11E2-45BD-8557-081FE3F786B8}
	EndGlobalSection
EndGlobal
