
Microsoft Visual Studio Solution File, Format Version 12.00
# Visual Studio Version 17
VisualStudioVersion = 17.11.35327.3
MinimumVisualStudioVersion = 10.0.40219.1
Project("{FAE04EC0-301F-11D3-BF4B-00C04F79EFBC}") = "vidya", "vidya.csproj", "{BA31933C-BADF-4D7D-A560-7E867B9401F4}"
EndProject
Project("{FAE04EC0-301F-11D3-BF4B-00C04F79EFBC}") = "vidya.Data.Models", "..\vidya.Data.Models\vidya.Data.Models.csproj", "{302A032F-92C3-4B6C-B39A-3A6355439C83}"
EndProject
Project("{FAE04EC0-301F-11D3-BF4B-00C04F79EFBC}") = "vidya.Data", "..\vidya.Data\vidya.Data.csproj", "{982B1BD9-68EF-44C5-9037-DF5DB8E1A0D7}"
EndProject
Project("{FAE04EC0-301F-11D3-BF4B-00C04F79EFBC}") = "vidya.Services.Data", "..\vidya.Services.Data\vidya.Services.Data.csproj", "{E6070C86-F6CD-4455-8C5F-E7D1350E3F17}"
EndProject
Project("{FAE04EC0-301F-11D3-BF4B-00C04F79EFBC}") = "vidya.Web.DTOs", "..\vidya.Web.DTOs\vidya.Web.DTOs.csproj", "{C6C9AF53-BF03-420B-BD9A-F33E4E2DECDB}"
EndProject
Project("{FAE04EC0-301F-11D3-BF4B-00C04F79EFBC}") = "vidya.Services.Mapping", "..\vidya.Services.Mapping\vidya.Services.Mapping.csproj", "{2E735F34-663B-4C52-BA91-BF5CF04BD953}"
EndProject
Project("{FAE04EC0-301F-11D3-BF4B-00C04F79EFBC}") = "vidya.ThirdParty.Services", "..\vidya.ThirdParty.Services\vidya.ThirdParty.Services.csproj", "{3C2B3697-AAAF-49AA-AECE-734F3749D167}"
EndProject
Project("{FAE04EC0-301F-11D3-BF4B-00C04F79EFBC}") = "vidya.Web.Infrastructure", "..\vidya.Web.Infrastructure\vidya.Web.Infrastructure.csproj", "{33A23616-B0C2-4716-A013-E5E2526D6077}"
EndProject
Project("{FAE04EC0-301F-11D3-BF4B-00C04F79EFBC}") = "vidya.Common", "..\vidya.Common\vidya.Common.csproj", "{6B35185A-B4E2-4753-A374-FFFB277083F0}"
EndProject
Project("{FAE04EC0-301F-11D3-BF4B-00C04F79EFBC}") = "vidya.UnitTests", "..\vidya.UnitTests\vidya.UnitTests.csproj", "{9E94488B-F695-4896-A627-476B13F3F03F}"
EndProject
Global
	GlobalSection(SolutionConfigurationPlatforms) = preSolution
		Debug|Any CPU = Debug|Any CPU
		Release|Any CPU = Release|Any CPU
	EndGlobalSection
	GlobalSection(ProjectConfigurationPlatforms) = postSolution
		{BA31933C-BADF-4D7D-A560-7E867B9401F4}.Debug|Any CPU.ActiveCfg = Debug|Any CPU
		{BA31933C-BADF-4D7D-A560-7E867B9401F4}.Debug|Any CPU.Build.0 = Debug|Any CPU
		{BA31933C-BADF-4D7D-A560-7E867B9401F4}.Release|Any CPU.ActiveCfg = Release|Any CPU
		{BA31933C-BADF-4D7D-A560-7E867B9401F4}.Release|Any CPU.Build.0 = Release|Any CPU
		{302A032F-92C3-4B6C-B39A-3A6355439C83}.Debug|Any CPU.ActiveCfg = Debug|Any CPU
		{302A032F-92C3-4B6C-B39A-3A6355439C83}.Debug|Any CPU.Build.0 = Debug|Any CPU
		{302A032F-92C3-4B6C-B39A-3A6355439C83}.Release|Any CPU.ActiveCfg = Release|Any CPU
		{302A032F-92C3-4B6C-B39A-3A6355439C83}.Release|Any CPU.Build.0 = Release|Any CPU
		{982B1BD9-68EF-44C5-9037-DF5DB8E1A0D7}.Debug|Any CPU.ActiveCfg = Debug|Any CPU
		{982B1BD9-68EF-44C5-9037-DF5DB8E1A0D7}.Debug|Any CPU.Build.0 = Debug|Any CPU
		{982B1BD9-68EF-44C5-9037-DF5DB8E1A0D7}.Release|Any CPU.ActiveCfg = Release|Any CPU
		{982B1BD9-68EF-44C5-9037-DF5DB8E1A0D7}.Release|Any CPU.Build.0 = Release|Any CPU
		{E6070C86-F6CD-4455-8C5F-E7D1350E3F17}.Debug|Any CPU.ActiveCfg = Debug|Any CPU
		{E6070C86-F6CD-4455-8C5F-E7D1350E3F17}.Debug|Any CPU.Build.0 = Debug|Any CPU
		{E6070C86-F6CD-4455-8C5F-E7D1350E3F17}.Release|Any CPU.ActiveCfg = Release|Any CPU
		{E6070C86-F6CD-4455-8C5F-E7D1350E3F17}.Release|Any CPU.Build.0 = Release|Any CPU
		{C6C9AF53-BF03-420B-BD9A-F33E4E2DECDB}.Debug|Any CPU.ActiveCfg = Debug|Any CPU
		{C6C9AF53-BF03-420B-BD9A-F33E4E2DECDB}.Debug|Any CPU.Build.0 = Debug|Any CPU
		{C6C9AF53-BF03-420B-BD9A-F33E4E2DECDB}.Release|Any CPU.ActiveCfg = Release|Any CPU
		{C6C9AF53-BF03-420B-BD9A-F33E4E2DECDB}.Release|Any CPU.Build.0 = Release|Any CPU
		{2E735F34-663B-4C52-BA91-BF5CF04BD953}.Debug|Any CPU.ActiveCfg = Debug|Any CPU
		{2E735F34-663B-4C52-BA91-BF5CF04BD953}.Debug|Any CPU.Build.0 = Debug|Any CPU
		{2E735F34-663B-4C52-BA91-BF5CF04BD953}.Release|Any CPU.ActiveCfg = Release|Any CPU
		{2E735F34-663B-4C52-BA91-BF5CF04BD953}.Release|Any CPU.Build.0 = Release|Any CPU
		{3C2B3697-AAAF-49AA-AECE-734F3749D167}.Debug|Any CPU.ActiveCfg = Debug|Any CPU
		{3C2B3697-AAAF-49AA-AECE-734F3749D167}.Debug|Any CPU.Build.0 = Debug|Any CPU
		{3C2B3697-AAAF-49AA-AECE-734F3749D167}.Release|Any CPU.ActiveCfg = Release|Any CPU
		{3C2B3697-AAAF-49AA-AECE-734F3749D167}.Release|Any CPU.Build.0 = Release|Any CPU
		{33A23616-B0C2-4716-A013-E5E2526D6077}.Debug|Any CPU.ActiveCfg = Debug|Any CPU
		{33A23616-B0C2-4716-A013-E5E2526D6077}.Debug|Any CPU.Build.0 = Debug|Any CPU
		{33A23616-B0C2-4716-A013-E5E2526D6077}.Release|Any CPU.ActiveCfg = Release|Any CPU
		{33A23616-B0C2-4716-A013-E5E2526D6077}.Release|Any CPU.Build.0 = Release|Any CPU
		{6B35185A-B4E2-4753-A374-FFFB277083F0}.Debug|Any CPU.ActiveCfg = Debug|Any CPU
		{6B35185A-B4E2-4753-A374-FFFB277083F0}.Debug|Any CPU.Build.0 = Debug|Any CPU
		{6B35185A-B4E2-4753-A374-FFFB277083F0}.Release|Any CPU.ActiveCfg = Release|Any CPU
		{6B35185A-B4E2-4753-A374-FFFB277083F0}.Release|Any CPU.Build.0 = Release|Any CPU
		{9E94488B-F695-4896-A627-476B13F3F03F}.Debug|Any CPU.ActiveCfg = Debug|Any CPU
		{9E94488B-F695-4896-A627-476B13F3F03F}.Debug|Any CPU.Build.0 = Debug|Any CPU
		{9E94488B-F695-4896-A627-476B13F3F03F}.Release|Any CPU.ActiveCfg = Release|Any CPU
		{9E94488B-F695-4896-A627-476B13F3F03F}.Release|Any CPU.Build.0 = Release|Any CPU
	EndGlobalSection
	GlobalSection(SolutionProperties) = preSolution
		HideSolutionNode = FALSE
	EndGlobalSection
	GlobalSection(ExtensibilityGlobals) = postSolution
		SolutionGuid = {841F9A71-11E2-45BD-8557-081FE3F786B8}
	EndGlobalSection
EndGlobal
